
Microsoft Visual Studio Solution File, Format Version 12.00
# Visual Studio Version 16
VisualStudioVersion = 16.0.30907.101
MinimumVisualStudioVersion = 10.0.40219.1
Project("{FAE04EC0-301F-11D3-BF4B-00C04F79EFBC}") = "Jogador", "Jogador\Jogador.csproj", "{BA24B345-43F6-46C7-8FE1-5266E732C759}"
EndProject
Global
	GlobalSection(SolutionConfigurationPlatforms) = preSolution
		Debug|Any CPU = Debug|Any CPU
		Release|Any CPU = Release|Any CPU
	EndGlobalSection
	GlobalSection(ProjectConfigurationPlatforms) = postSolution
		{BA24B345-43F6-46C7-8FE1-5266E732C759}.Debug|Any CPU.ActiveCfg = Debug|Any CPU
		{BA24B345-43F6-46C7-8FE1-5266E732C759}.Debug|Any CPU.Build.0 = Debug|Any CPU
		{BA24B345-43F6-46C7-8FE1-5266E732C759}.Release|Any CPU.ActiveCfg = Release|Any CPU
		{BA24B345-43F6-46C7-8FE1-5266E732C759}.Release|Any CPU.Build.0 = Release|Any CPU
	EndGlobalSection
	GlobalSection(SolutionProperties) = preSolution
		HideSolutionNode = FALSE
	EndGlobalSection
	GlobalSection(ExtensibilityGlobals) = postSolution
		SolutionGuid = {51FADE2D-41CF-4972-8D5C-062DACAF376F}
	EndGlobalSection
EndGlobal
